
Microsoft Visual Studio Solution File, Format Version 12.00
# Visual Studio 15
VisualStudioVersion = 15.0.28307.539
MinimumVisualStudioVersion = 10.0.40219.1
Project("{9A19103F-16F7-4668-BE54-9A1E7A4F7556}") = "JotFormAuthenticator", "JotFormAuthenticator\JotFormAuthenticator.csproj", "{3B3D27F4-26F0-4F74-81C4-C9F7AEE2A072}"
EndProject
Project("{9A19103F-16F7-4668-BE54-9A1E7A4F7556}") = "FormAuthenticator", "FormAuthenticator\FormAuthenticator.csproj", "{3BBF7892-2B3C-4B41-A2C0-15FC4005E269}"
EndProject
Project("{FAE04EC0-301F-11D3-BF4B-00C04F79EFBC}") = "DataAnalysis", "DataAnalysis\DataAnalysis.csproj", "{FFDC95C5-84AC-4255-A9C6-80250F45A7D3}"
EndProject
Global
	GlobalSection(SolutionConfigurationPlatforms) = preSolution
		Debug|Any CPU = Debug|Any CPU
		Release|Any CPU = Release|Any CPU
	EndGlobalSection
	GlobalSection(ProjectConfigurationPlatforms) = postSolution
		{3B3D27F4-26F0-4F74-81C4-C9F7AEE2A072}.Debug|Any CPU.ActiveCfg = Debug|Any CPU
		{3B3D27F4-26F0-4F74-81C4-C9F7AEE2A072}.Debug|Any CPU.Build.0 = Debug|Any CPU
		{3B3D27F4-26F0-4F74-81C4-C9F7AEE2A072}.Release|Any CPU.ActiveCfg = Release|Any CPU
		{3B3D27F4-26F0-4F74-81C4-C9F7AEE2A072}.Release|Any CPU.Build.0 = Release|Any CPU
		{3BBF7892-2B3C-4B41-A2C0-15FC4005E269}.Debug|Any CPU.ActiveCfg = Debug|Any CPU
		{3BBF7892-2B3C-4B41-A2C0-15FC4005E269}.Debug|Any CPU.Build.0 = Debug|Any CPU
		{3BBF7892-2B3C-4B41-A2C0-15FC4005E269}.Release|Any CPU.ActiveCfg = Release|Any CPU
		{3BBF7892-2B3C-4B41-A2C0-15FC4005E269}.Release|Any CPU.Build.0 = Release|Any CPU
		{FFDC95C5-84AC-4255-A9C6-80250F45A7D3}.Debug|Any CPU.ActiveCfg = Debug|Any CPU
		{FFDC95C5-84AC-4255-A9C6-80250F45A7D3}.Debug|Any CPU.Build.0 = Debug|Any CPU
		{FFDC95C5-84AC-4255-A9C6-80250F45A7D3}.Release|Any CPU.ActiveCfg = Release|Any CPU
		{FFDC95C5-84AC-4255-A9C6-80250F45A7D3}.Release|Any CPU.Build.0 = Release|Any CPU
	EndGlobalSection
	GlobalSection(SolutionProperties) = preSolution
		HideSolutionNode = FALSE
	EndGlobalSection
	GlobalSection(ExtensibilityGlobals) = postSolution
		SolutionGuid = {6C6393B7-8D02-42B7-AD5E-AAF92579A82B}
	EndGlobalSection
EndGlobal
